
Microsoft Visual Studio Solution File, Format Version 12.00
# Visual Studio 15
VisualStudioVersion = 15.0.26403.7
MinimumVisualStudioVersion = 15.0.26124.0
Project("{2150E333-8FDC-42A3-9474-1A3956D46DE8}") = "src", "src", "{073839B4-CA41-4EBA-8E0E-097E3463F4A4}"
EndProject
Project("{FAE04EC0-301F-11D3-BF4B-00C04F79EFBC}") = "Condenser.ApiFirst.DocumentStorage.Core", "src\Condenser.ApiFirst.DocumentStorage.Core\Condenser.ApiFirst.DocumentStorage.Core.csproj", "{D19BC7B2-A697-482F-951E-8C61D48282F0}"
EndProject
Project("{FAE04EC0-301F-11D3-BF4B-00C04F79EFBC}") = "Condenser.ApiFirst.DocumentStorage.Host", "src\Condenser.ApiFirst.DocumentStorage.Host\Condenser.ApiFirst.DocumentStorage.Host.csproj", "{D3458BD1-F626-4C6E-9337-5BBD3CB4F84D}"
EndProject
Project("{FAE04EC0-301F-11D3-BF4B-00C04F79EFBC}") = "Condenser.ApiFirst.SwaggerDoc.Core", "src\Condenser.ApiFirst.SwaggerDoc.Core\Condenser.ApiFirst.SwaggerDoc.Core.csproj", "{AD33393D-BA4A-4192-B750-A79E875FEBDF}"
EndProject
Project("{9A19103F-16F7-4668-BE54-9A1E7A4F7556}") = "Condenser.ApiFirst.DocumentStorage.Api", "src\Condenser.ApiFirst.DocumentStorage.Api\Condenser.ApiFirst.DocumentStorage.Api.csproj", "{736BF317-ECCD-4B2E-A067-82226A8FDE62}"
EndProject
Project("{2150E333-8FDC-42A3-9474-1A3956D46DE8}") = "samples", "samples", "{484B2797-4C8B-4FD3-A312-B5CC99B63FA6}"
EndProject
Project("{FAE04EC0-301F-11D3-BF4B-00C04F79EFBC}") = "Condenser.ApiFirst.ServiceDiscoveryClient", "samples\Condenser.ApiFirst.ServiceDiscoveryClient\Condenser.ApiFirst.ServiceDiscoveryClient.csproj", "{A91868CC-DBCA-467B-BDBF-2EBAF27FEFDB}"
EndProject
Global
	GlobalSection(SolutionConfigurationPlatforms) = preSolution
		Debug|Any CPU = Debug|Any CPU
		Debug|x64 = Debug|x64
		Debug|x86 = Debug|x86
		Release|Any CPU = Release|Any CPU
		Release|x64 = Release|x64
		Release|x86 = Release|x86
	EndGlobalSection
	GlobalSection(ProjectConfigurationPlatforms) = postSolution
		{D19BC7B2-A697-482F-951E-8C61D48282F0}.Debug|Any CPU.ActiveCfg = Debug|Any CPU
		{D19BC7B2-A697-482F-951E-8C61D48282F0}.Debug|Any CPU.Build.0 = Debug|Any CPU
		{D19BC7B2-A697-482F-951E-8C61D48282F0}.Debug|x64.ActiveCfg = Debug|Any CPU
		{D19BC7B2-A697-482F-951E-8C61D48282F0}.Debug|x64.Build.0 = Debug|Any CPU
		{D19BC7B2-A697-482F-951E-8C61D48282F0}.Debug|x86.ActiveCfg = Debug|Any CPU
		{D19BC7B2-A697-482F-951E-8C61D48282F0}.Debug|x86.Build.0 = Debug|Any CPU
		{D19BC7B2-A697-482F-951E-8C61D48282F0}.Release|Any CPU.ActiveCfg = Release|Any CPU
		{D19BC7B2-A697-482F-951E-8C61D48282F0}.Release|Any CPU.Build.0 = Release|Any CPU
		{D19BC7B2-A697-482F-951E-8C61D48282F0}.Release|x64.ActiveCfg = Release|Any CPU
		{D19BC7B2-A697-482F-951E-8C61D48282F0}.Release|x64.Build.0 = Release|Any CPU
		{D19BC7B2-A697-482F-951E-8C61D48282F0}.Release|x86.ActiveCfg = Release|Any CPU
		{D19BC7B2-A697-482F-951E-8C61D48282F0}.Release|x86.Build.0 = Release|Any CPU
		{D3458BD1-F626-4C6E-9337-5BBD3CB4F84D}.Debug|Any CPU.ActiveCfg = Debug|Any CPU
		{D3458BD1-F626-4C6E-9337-5BBD3CB4F84D}.Debug|Any CPU.Build.0 = Debug|Any CPU
		{D3458BD1-F626-4C6E-9337-5BBD3CB4F84D}.Debug|x64.ActiveCfg = Debug|Any CPU
		{D3458BD1-F626-4C6E-9337-5BBD3CB4F84D}.Debug|x64.Build.0 = Debug|Any CPU
		{D3458BD1-F626-4C6E-9337-5BBD3CB4F84D}.Debug|x86.ActiveCfg = Debug|Any CPU
		{D3458BD1-F626-4C6E-9337-5BBD3CB4F84D}.Debug|x86.Build.0 = Debug|Any CPU
		{D3458BD1-F626-4C6E-9337-5BBD3CB4F84D}.Release|Any CPU.ActiveCfg = Release|Any CPU
		{D3458BD1-F626-4C6E-9337-5BBD3CB4F84D}.Release|Any CPU.Build.0 = Release|Any CPU
		{D3458BD1-F626-4C6E-9337-5BBD3CB4F84D}.Release|x64.ActiveCfg = Release|Any CPU
		{D3458BD1-F626-4C6E-9337-5BBD3CB4F84D}.Release|x64.Build.0 = Release|Any CPU
		{D3458BD1-F626-4C6E-9337-5BBD3CB4F84D}.Release|x86.ActiveCfg = Release|Any CPU
		{D3458BD1-F626-4C6E-9337-5BBD3CB4F84D}.Release|x86.Build.0 = Release|Any CPU
		{AD33393D-BA4A-4192-B750-A79E875FEBDF}.Debug|Any CPU.ActiveCfg = Debug|Any CPU
		{AD33393D-BA4A-4192-B750-A79E875FEBDF}.Debug|Any CPU.Build.0 = Debug|Any CPU
		{AD33393D-BA4A-4192-B750-A79E875FEBDF}.Debug|x64.ActiveCfg = Debug|Any CPU
		{AD33393D-BA4A-4192-B750-A79E875FEBDF}.Debug|x64.Build.0 = Debug|Any CPU
		{AD33393D-BA4A-4192-B750-A79E875FEBDF}.Debug|x86.ActiveCfg = Debug|Any CPU
		{AD33393D-BA4A-4192-B750-A79E875FEBDF}.Debug|x86.Build.0 = Debug|Any CPU
		{AD33393D-BA4A-4192-B750-A79E875FEBDF}.Release|Any CPU.ActiveCfg = Release|Any CPU
		{AD33393D-BA4A-4192-B750-A79E875FEBDF}.Release|Any CPU.Build.0 = Release|Any CPU
		{AD33393D-BA4A-4192-B750-A79E875FEBDF}.Release|x64.ActiveCfg = Release|Any CPU
		{AD33393D-BA4A-4192-B750-A79E875FEBDF}.Release|x64.Build.0 = Release|Any CPU
		{AD33393D-BA4A-4192-B750-A79E875FEBDF}.Release|x86.ActiveCfg = Release|Any CPU
		{AD33393D-BA4A-4192-B750-A79E875FEBDF}.Release|x86.Build.0 = Release|Any CPU
		{736BF317-ECCD-4B2E-A067-82226A8FDE62}.Debug|Any CPU.ActiveCfg = Debug|Any CPU
		{736BF317-ECCD-4B2E-A067-82226A8FDE62}.Debug|Any CPU.Build.0 = Debug|Any CPU
		{736BF317-ECCD-4B2E-A067-82226A8FDE62}.Debug|x64.ActiveCfg = Debug|Any CPU
		{736BF317-ECCD-4B2E-A067-82226A8FDE62}.Debug|x64.Build.0 = Debug|Any CPU
		{736BF317-ECCD-4B2E-A067-82226A8FDE62}.Debug|x86.ActiveCfg = Debug|Any CPU
		{736BF317-ECCD-4B2E-A067-82226A8FDE62}.Debug|x86.Build.0 = Debug|Any CPU
		{736BF317-ECCD-4B2E-A067-82226A8FDE62}.Release|Any CPU.ActiveCfg = Release|Any CPU
		{736BF317-ECCD-4B2E-A067-82226A8FDE62}.Release|Any CPU.Build.0 = Release|Any CPU
		{736BF317-ECCD-4B2E-A067-82226A8FDE62}.Release|x64.ActiveCfg = Release|Any CPU
		{736BF317-ECCD-4B2E-A067-82226A8FDE62}.Release|x64.Build.0 = Release|Any CPU
		{736BF317-ECCD-4B2E-A067-82226A8FDE62}.Release|x86.ActiveCfg = Release|Any CPU
		{736BF317-ECCD-4B2E-A067-82226A8FDE62}.Release|x86.Build.0 = Release|Any CPU
		{A91868CC-DBCA-467B-BDBF-2EBAF27FEFDB}.Debug|Any CPU.ActiveCfg = Debug|Any CPU
		{A91868CC-DBCA-467B-BDBF-2EBAF27FEFDB}.Debug|Any CPU.Build.0 = Debug|Any CPU
		{A91868CC-DBCA-467B-BDBF-2EBAF27FEFDB}.Debug|x64.ActiveCfg = Debug|Any CPU
		{A91868CC-DBCA-467B-BDBF-2EBAF27FEFDB}.Debug|x64.Build.0 = Debug|Any CPU
		{A91868CC-DBCA-467B-BDBF-2EBAF27FEFDB}.Debug|x86.ActiveCfg = Debug|Any CPU
		{A91868CC-DBCA-467B-BDBF-2EBAF27FEFDB}.Debug|x86.Build.0 = Debug|Any CPU
		{A91868CC-DBCA-467B-BDBF-2EBAF27FEFDB}.Release|Any CPU.ActiveCfg = Release|Any CPU
		{A91868CC-DBCA-467B-BDBF-2EBAF27FEFDB}.Release|Any CPU.Build.0 = Release|Any CPU
		{A91868CC-DBCA-467B-BDBF-2EBAF27FEFDB}.Release|x64.ActiveCfg = Release|Any CPU
		{A91868CC-DBCA-467B-BDBF-2EBAF27FEFDB}.Release|x64.Build.0 = Release|Any CPU
		{A91868CC-DBCA-467B-BDBF-2EBAF27FEFDB}.Release|x86.ActiveCfg = Release|Any CPU
		{A91868CC-DBCA-467B-BDBF-2EBAF27FEFDB}.Release|x86.Build.0 = Release|Any CPU
	EndGlobalSection
	GlobalSection(SolutionProperties) = preSolution
		HideSolutionNode = FALSE
	EndGlobalSection
	GlobalSection(NestedProjects) = preSolution
		{D19BC7B2-A697-482F-951E-8C61D48282F0} = {073839B4-CA41-4EBA-8E0E-097E3463F4A4}
		{D3458BD1-F626-4C6E-9337-5BBD3CB4F84D} = {073839B4-CA41-4EBA-8E0E-097E3463F4A4}
		{AD33393D-BA4A-4192-B750-A79E875FEBDF} = {073839B4-CA41-4EBA-8E0E-097E3463F4A4}
		{736BF317-ECCD-4B2E-A067-82226A8FDE62} = {073839B4-CA41-4EBA-8E0E-097E3463F4A4}
		{A91868CC-DBCA-467B-BDBF-2EBAF27FEFDB} = {484B2797-4C8B-4FD3-A312-B5CC99B63FA6}
	EndGlobalSection
EndGlobal
